
Microsoft Visual Studio Solution File, Format Version 12.00
# Visual Studio 14
VisualStudioVersion = 14.0.24720.0
MinimumVisualStudioVersion = 10.0.40219.1
Project("{FAE04EC0-301F-11D3-BF4B-00C04F79EFBC}") = "KWSNKnaBench", "KWSNKnaBench\KWSNKnaBench.csproj", "{EBDC6220-FE3A-42BF-8F23-1DC03CBF4482}"
EndProject
Project("{54435603-DBB4-11D2-8724-00A0C9A8B90C}") = "Setup", "Setup\Setup.vdproj", "{4E2BDD5E-235E-4B38-AA6B-25E98A51C3B1}"
EndProject
Global
	GlobalSection(SolutionConfigurationPlatforms) = preSolution
		Debug|Any CPU = Debug|Any CPU
		Release|Any CPU = Release|Any CPU
	EndGlobalSection
	GlobalSection(ProjectConfigurationPlatforms) = postSolution
		{EBDC6220-FE3A-42BF-8F23-1DC03CBF4482}.Debug|Any CPU.ActiveCfg = Debug|Any CPU
		{EBDC6220-FE3A-42BF-8F23-1DC03CBF4482}.Debug|Any CPU.Build.0 = Debug|Any CPU
		{EBDC6220-FE3A-42BF-8F23-1DC03CBF4482}.Release|Any CPU.ActiveCfg = Debug|Any CPU
		{EBDC6220-FE3A-42BF-8F23-1DC03CBF4482}.Release|Any CPU.Build.0 = Debug|Any CPU
		{4E2BDD5E-235E-4B38-AA6B-25E98A51C3B1}.Debug|Any CPU.ActiveCfg = Debug
		{4E2BDD5E-235E-4B38-AA6B-25E98A51C3B1}.Debug|Any CPU.Build.0 = Debug
		{4E2BDD5E-235E-4B38-AA6B-25E98A51C3B1}.Release|Any CPU.ActiveCfg = Release
		{4E2BDD5E-235E-4B38-AA6B-25E98A51C3B1}.Release|Any CPU.Build.0 = Release
	EndGlobalSection
	GlobalSection(SolutionProperties) = preSolution
		HideSolutionNode = FALSE
	EndGlobalSection
EndGlobal
